
Microsoft Visual Studio Solution File, Format Version 12.00
# Visual Studio Version 17
VisualStudioVersion = 17.8.34212.112
MinimumVisualStudioVersion = 10.0.40219.1
Project("{9A19103F-16F7-4668-BE54-9A1E7A4F7556}") = "EggDotNet", "src\EggDotNet\EggDotNet.csproj", "{3DCBC628-51E8-439D-AC53-1CE7E8803B4F}"
EndProject
Project("{9A19103F-16F7-4668-BE54-9A1E7A4F7556}") = "EggDotNet.Tests", "src\EggDotNet.Tests\EggDotNet.Tests.csproj", "{F77890FF-4670-41EF-AF20-003C58BB08A3}"
EndProject
Project("{9A19103F-16F7-4668-BE54-9A1E7A4F7556}") = "EggDotNet.Benchmarks", "src\EggDotNet.Benchmarks\EggDotNet.Benchmarks.csproj", "{1CE2A183-8A21-4A69-A8A1-317A6EDF9864}"
EndProject
Global
	GlobalSection(SolutionConfigurationPlatforms) = preSolution
		Debug|Any CPU = Debug|Any CPU
		Release|Any CPU = Release|Any CPU
	EndGlobalSection
	GlobalSection(ProjectConfigurationPlatforms) = postSolution
		{3DCBC628-51E8-439D-AC53-1CE7E8803B4F}.Debug|Any CPU.ActiveCfg = Debug|Any CPU
		{3DCBC628-51E8-439D-AC53-1CE7E8803B4F}.Debug|Any CPU.Build.0 = Debug|Any CPU
		{3DCBC628-51E8-439D-AC53-1CE7E8803B4F}.Release|Any CPU.ActiveCfg = Release|Any CPU
		{3DCBC628-51E8-439D-AC53-1CE7E8803B4F}.Release|Any CPU.Build.0 = Release|Any CPU
		{F77890FF-4670-41EF-AF20-003C58BB08A3}.Debug|Any CPU.ActiveCfg = Debug|Any CPU
		{F77890FF-4670-41EF-AF20-003C58BB08A3}.Debug|Any CPU.Build.0 = Debug|Any CPU
		{F77890FF-4670-41EF-AF20-003C58BB08A3}.Release|Any CPU.ActiveCfg = Release|Any CPU
		{F77890FF-4670-41EF-AF20-003C58BB08A3}.Release|Any CPU.Build.0 = Release|Any CPU
		{1CE2A183-8A21-4A69-A8A1-317A6EDF9864}.Debug|Any CPU.ActiveCfg = Debug|Any CPU
		{1CE2A183-8A21-4A69-A8A1-317A6EDF9864}.Debug|Any CPU.Build.0 = Debug|Any CPU
		{1CE2A183-8A21-4A69-A8A1-317A6EDF9864}.Release|Any CPU.ActiveCfg = Release|Any CPU
		{1CE2A183-8A21-4A69-A8A1-317A6EDF9864}.Release|Any CPU.Build.0 = Release|Any CPU
	EndGlobalSection
	GlobalSection(SolutionProperties) = preSolution
		HideSolutionNode = FALSE
	EndGlobalSection
	GlobalSection(ExtensibilityGlobals) = postSolution
		SolutionGuid = {F4A164C8-3BC3-46C3-A9D8-E3788CF86CF4}
	EndGlobalSection
EndGlobal
